
Microsoft Visual Studio Solution File, Format Version 12.00
# Visual Studio Version 16
VisualStudioVersion = 16.0.30807.9
MinimumVisualStudioVersion = 10.0.40219.1
Project("{9A19103F-16F7-4668-BE54-9A1E7A4F7556}") = "Microsoft.DotNet.ApiCompatibility", "src\Microsoft.DotNet.ApiCompatibility\Microsoft.DotNet.ApiCompatibility.csproj", "{F87DDF7B-185C-4768-BC04-495E483F454E}"
EndProject
Project("{9A19103F-16F7-4668-BE54-9A1E7A4F7556}") = "Microsoft.DotNet.ApiCompatibility.Tests", "tests\Microsoft.DotNet.ApiCompatibility.Tests\Microsoft.DotNet.ApiCompatibility.Tests.csproj", "{F62B0509-30AD-4437-996E-645CA929352A}"
EndProject
Project("{FAE04EC0-301F-11D3-BF4B-00C04F79EFBC}") = "Microsoft.DotNet.ApiCompatibility.Tasks", "src\Microsoft.DotNet.ApiCompatibility.Tasks\Microsoft.DotNet.ApiCompatibility.Tasks.csproj", "{794CB3B3-DC68-4C0A-9059-2C68458B7542}"
EndProject
Global
	GlobalSection(SolutionConfigurationPlatforms) = preSolution
		Debug|Any CPU = Debug|Any CPU
		Release|Any CPU = Release|Any CPU
	EndGlobalSection
	GlobalSection(ProjectConfigurationPlatforms) = postSolution
		{F87DDF7B-185C-4768-BC04-495E483F454E}.Debug|Any CPU.ActiveCfg = Debug|Any CPU
		{F87DDF7B-185C-4768-BC04-495E483F454E}.Debug|Any CPU.Build.0 = Debug|Any CPU
		{F87DDF7B-185C-4768-BC04-495E483F454E}.Release|Any CPU.ActiveCfg = Release|Any CPU
		{F87DDF7B-185C-4768-BC04-495E483F454E}.Release|Any CPU.Build.0 = Release|Any CPU
		{F62B0509-30AD-4437-996E-645CA929352A}.Debug|Any CPU.ActiveCfg = Debug|Any CPU
		{F62B0509-30AD-4437-996E-645CA929352A}.Debug|Any CPU.Build.0 = Debug|Any CPU
		{F62B0509-30AD-4437-996E-645CA929352A}.Release|Any CPU.ActiveCfg = Release|Any CPU
		{F62B0509-30AD-4437-996E-645CA929352A}.Release|Any CPU.Build.0 = Release|Any CPU
		{794CB3B3-DC68-4C0A-9059-2C68458B7542}.Debug|Any CPU.ActiveCfg = Debug|Any CPU
		{794CB3B3-DC68-4C0A-9059-2C68458B7542}.Debug|Any CPU.Build.0 = Debug|Any CPU
		{794CB3B3-DC68-4C0A-9059-2C68458B7542}.Release|Any CPU.ActiveCfg = Release|Any CPU
		{794CB3B3-DC68-4C0A-9059-2C68458B7542}.Release|Any CPU.Build.0 = Release|Any CPU
	EndGlobalSection
	GlobalSection(SolutionProperties) = preSolution
		HideSolutionNode = FALSE
	EndGlobalSection
	GlobalSection(ExtensibilityGlobals) = postSolution
		SolutionGuid = {1B2C574A-25B4-452B-BF02-70B454E2DC30}
	EndGlobalSection
EndGlobal
